
Microsoft Visual Studio Solution File, Format Version 12.00
# Visual Studio Version 18
VisualStudioVersion = 18.0.11123.170 d18.0
MinimumVisualStudioVersion = 10.0.40219.1
Project("{2150E333-8FDC-42A3-9474-1A3956D46DE8}") = "SimpleDragAndDropBlazorApp", "SimpleDragAndDropBlazorApp", "{479DB527-28AA-E772-9119-DA98D4FD3CCD}"
EndProject
Project("{FAE04EC0-301F-11D3-BF4B-00C04F79EFBC}") = "SimpleDragAndDropBlazorApp", "SimpleDragAndDropBlazorApp\SimpleDragAndDropBlazorApp\SimpleDragAndDropBlazorApp.csproj", "{ADEFE667-701E-40E8-8EC4-D52C24A8C538}"
EndProject
Project("{FAE04EC0-301F-11D3-BF4B-00C04F79EFBC}") = "SimpleDragAndDropBlazorApp.Client", "SimpleDragAndDropBlazorApp\SimpleDragAndDropBlazorApp.Client\SimpleDragAndDropBlazorApp.Client.csproj", "{DD906F1C-2E37-473F-B201-50E21A651F2D}"
EndProject
Project("{FAE04EC0-301F-11D3-BF4B-00C04F79EFBC}") = "SimpleDragAndDropWithBlazor.Shared", "SimpleDragAndDropWithBlazor.Shared\SimpleDragAndDropWithBlazor.Shared.csproj", "{FA0EFC55-454C-4C51-91A9-02365F592F1D}"
EndProject
Global
	GlobalSection(SolutionConfigurationPlatforms) = preSolution
		Debug|Any CPU = Debug|Any CPU
		Debug|x64 = Debug|x64
		Debug|x86 = Debug|x86
		Release|Any CPU = Release|Any CPU
		Release|x64 = Release|x64
		Release|x86 = Release|x86
	EndGlobalSection
	GlobalSection(ProjectConfigurationPlatforms) = postSolution
		{ADEFE667-701E-40E8-8EC4-D52C24A8C538}.Debug|Any CPU.ActiveCfg = Debug|Any CPU
		{ADEFE667-701E-40E8-8EC4-D52C24A8C538}.Debug|Any CPU.Build.0 = Debug|Any CPU
		{ADEFE667-701E-40E8-8EC4-D52C24A8C538}.Debug|x64.ActiveCfg = Debug|Any CPU
		{ADEFE667-701E-40E8-8EC4-D52C24A8C538}.Debug|x64.Build.0 = Debug|Any CPU
		{ADEFE667-701E-40E8-8EC4-D52C24A8C538}.Debug|x86.ActiveCfg = Debug|Any CPU
		{ADEFE667-701E-40E8-8EC4-D52C24A8C538}.Debug|x86.Build.0 = Debug|Any CPU
		{ADEFE667-701E-40E8-8EC4-D52C24A8C538}.Release|Any CPU.ActiveCfg = Release|Any CPU
		{ADEFE667-701E-40E8-8EC4-D52C24A8C538}.Release|Any CPU.Build.0 = Release|Any CPU
		{ADEFE667-701E-40E8-8EC4-D52C24A8C538}.Release|x64.ActiveCfg = Release|Any CPU
		{ADEFE667-701E-40E8-8EC4-D52C24A8C538}.Release|x64.Build.0 = Release|Any CPU
		{ADEFE667-701E-40E8-8EC4-D52C24A8C538}.Release|x86.ActiveCfg = Release|Any CPU
		{ADEFE667-701E-40E8-8EC4-D52C24A8C538}.Release|x86.Build.0 = Release|Any CPU
		{DD906F1C-2E37-473F-B201-50E21A651F2D}.Debug|Any CPU.ActiveCfg = Debug|Any CPU
		{DD906F1C-2E37-473F-B201-50E21A651F2D}.Debug|Any CPU.Build.0 = Debug|Any CPU
		{DD906F1C-2E37-473F-B201-50E21A651F2D}.Debug|x64.ActiveCfg = Debug|Any CPU
		{DD906F1C-2E37-473F-B201-50E21A651F2D}.Debug|x64.Build.0 = Debug|Any CPU
		{DD906F1C-2E37-473F-B201-50E21A651F2D}.Debug|x86.ActiveCfg = Debug|Any CPU
		{DD906F1C-2E37-473F-B201-50E21A651F2D}.Debug|x86.Build.0 = Debug|Any CPU
		{DD906F1C-2E37-473F-B201-50E21A651F2D}.Release|Any CPU.ActiveCfg = Release|Any CPU
		{DD906F1C-2E37-473F-B201-50E21A651F2D}.Release|Any CPU.Build.0 = Release|Any CPU
		{DD906F1C-2E37-473F-B201-50E21A651F2D}.Release|x64.ActiveCfg = Release|Any CPU
		{DD906F1C-2E37-473F-B201-50E21A651F2D}.Release|x64.Build.0 = Release|Any CPU
		{DD906F1C-2E37-473F-B201-50E21A651F2D}.Release|x86.ActiveCfg = Release|Any CPU
		{DD906F1C-2E37-473F-B201-50E21A651F2D}.Release|x86.Build.0 = Release|Any CPU
		{FA0EFC55-454C-4C51-91A9-02365F592F1D}.Debug|Any CPU.ActiveCfg = Debug|Any CPU
		{FA0EFC55-454C-4C51-91A9-02365F592F1D}.Debug|Any CPU.Build.0 = Debug|Any CPU
		{FA0EFC55-454C-4C51-91A9-02365F592F1D}.Debug|x64.ActiveCfg = Debug|Any CPU
		{FA0EFC55-454C-4C51-91A9-02365F592F1D}.Debug|x64.Build.0 = Debug|Any CPU
		{FA0EFC55-454C-4C51-91A9-02365F592F1D}.Debug|x86.ActiveCfg = Debug|Any CPU
		{FA0EFC55-454C-4C51-91A9-02365F592F1D}.Debug|x86.Build.0 = Debug|Any CPU
		{FA0EFC55-454C-4C51-91A9-02365F592F1D}.Release|Any CPU.ActiveCfg = Release|Any CPU
		{FA0EFC55-454C-4C51-91A9-02365F592F1D}.Release|Any CPU.Build.0 = Release|Any CPU
		{FA0EFC55-454C-4C51-91A9-02365F592F1D}.Release|x64.ActiveCfg = Release|Any CPU
		{FA0EFC55-454C-4C51-91A9-02365F592F1D}.Release|x64.Build.0 = Release|Any CPU
		{FA0EFC55-454C-4C51-91A9-02365F592F1D}.Release|x86.ActiveCfg = Release|Any CPU
		{FA0EFC55-454C-4C51-91A9-02365F592F1D}.Release|x86.Build.0 = Release|Any CPU
	EndGlobalSection
	GlobalSection(SolutionProperties) = preSolution
		HideSolutionNode = FALSE
	EndGlobalSection
	GlobalSection(NestedProjects) = preSolution
		{ADEFE667-701E-40E8-8EC4-D52C24A8C538} = {479DB527-28AA-E772-9119-DA98D4FD3CCD}
		{DD906F1C-2E37-473F-B201-50E21A651F2D} = {479DB527-28AA-E772-9119-DA98D4FD3CCD}
		{FA0EFC55-454C-4C51-91A9-02365F592F1D} = {479DB527-28AA-E772-9119-DA98D4FD3CCD}
	EndGlobalSection
	GlobalSection(ExtensibilityGlobals) = postSolution
		SolutionGuid = {EF0CFF51-1D7D-4BA6-A678-4E2EA552C2BD}
	EndGlobalSection
EndGlobal
